
Microsoft Visual Studio Solution File, Format Version 12.00
# Visual Studio Version 17
VisualStudioVersion = 17.5.002.0
MinimumVisualStudioVersion = 10.0.40219.1
Project("{9A19103F-16F7-4668-BE54-9A1E7A4F7556}") = "sharpl", "sharpl.csproj", "{B8C2EB4D-EB0F-4002-9B71-7D4C1871B816}"
EndProject
Global
	GlobalSection(SolutionConfigurationPlatforms) = preSolution
		Debug|Any CPU = Debug|Any CPU
		Release|Any CPU = Release|Any CPU
	EndGlobalSection
	GlobalSection(ProjectConfigurationPlatforms) = postSolution
		{B8C2EB4D-EB0F-4002-9B71-7D4C1871B816}.Debug|Any CPU.ActiveCfg = Debug|Any CPU
		{B8C2EB4D-EB0F-4002-9B71-7D4C1871B816}.Debug|Any CPU.Build.0 = Debug|Any CPU
		{B8C2EB4D-EB0F-4002-9B71-7D4C1871B816}.Release|Any CPU.ActiveCfg = Release|Any CPU
		{B8C2EB4D-EB0F-4002-9B71-7D4C1871B816}.Release|Any CPU.Build.0 = Release|Any CPU
	EndGlobalSection
	GlobalSection(SolutionProperties) = preSolution
		HideSolutionNode = FALSE
	EndGlobalSection
	GlobalSection(ExtensibilityGlobals) = postSolution
		SolutionGuid = {A22ADFB1-DE90-4870-8FD9-57C004698AB2}
	EndGlobalSection
EndGlobal
